github.com/hjr265/ptrace.go v0.0.0-20140520045833-9bdb8bf074db h1:4CYhLJ8eN4m0dePCT+X99dpQ07cSJGyIm82mjdrkfFo=
github.com/hjr265/ptrace.go v0.0.0-20140520045833-9bdb8bf074db/go.mod h1:+4j6glfA0InJ9SIRd9xE9WFNaEzfIKqUEANNjK5KBk0=
github.com/tfogal/ptrace v0.0.0-20140923003742-1d262681ce64 h1:4CzBeQwpvhx9CdOW3VZ2arIpoGUSRrf0+PR5vyhlADU=
github.com/tfogal/ptrace v0.0.0-20140923003742-1d262681ce64/go.mod h1:BwA96Txt7PzEPgnhW774yb5Ugx0OCaPjtlqPAQlHiYc=
